
Microsoft Visual Studio Solution File, Format Version 12.00
# Visual Studio Version 16
VisualStudioVersion = 16.0.30804.86
MinimumVisualStudioVersion = 10.0.40219.1
Project("{FAE04EC0-301F-11D3-BF4B-00C04F79EFBC}") = "TestBlog", "TestBlog\TestBlog.csproj", "{050AEE63-864C-4FBD-B302-5405EA9403CC}"
EndProject
Global
	GlobalSection(SolutionConfigurationPlatforms) = preSolution
		Debug|Any CPU = Debug|Any CPU
		Release|Any CPU = Release|Any CPU
	EndGlobalSection
	GlobalSection(ProjectConfigurationPlatforms) = postSolution
		{050AEE63-864C-4FBD-B302-5405EA9403CC}.Debug|Any CPU.ActiveCfg = Debug|Any CPU
		{050AEE63-864C-4FBD-B302-5405EA9403CC}.Debug|Any CPU.Build.0 = Debug|Any CPU
		{050AEE63-864C-4FBD-B302-5405EA9403CC}.Release|Any CPU.ActiveCfg = Release|Any CPU
		{050AEE63-864C-4FBD-B302-5405EA9403CC}.Release|Any CPU.Build.0 = Release|Any CPU
	EndGlobalSection
	GlobalSection(SolutionProperties) = preSolution
		HideSolutionNode = FALSE
	EndGlobalSection
	GlobalSection(ExtensibilityGlobals) = postSolution
		SolutionGuid = {B51442D1-659C-413F-983E-C97FFB643403}
	EndGlobalSection
EndGlobal
